
Microsoft Visual Studio Solution File, Format Version 12.00
# Visual Studio Version 16
VisualStudioVersion = 16.0.31729.503
MinimumVisualStudioVersion = 10.0.40219.1
Project("{FAE04EC0-301F-11D3-BF4B-00C04F79EFBC}") = "MyProgram", "MyProgram.csproj", "{C9A415A0-F09F-4C76-A35B-E9541F56D14F}"
EndProject
Global
	GlobalSection(SolutionConfigurationPlatforms) = preSolution
		Debug|Any CPU = Debug|Any CPU
		Release|Any CPU = Release|Any CPU
	EndGlobalSection
	GlobalSection(ProjectConfigurationPlatforms) = postSolution
		{C9A415A0-F09F-4C76-A35B-E9541F56D14F}.Debug|Any CPU.ActiveCfg = Debug|Any CPU
		{C9A415A0-F09F-4C76-A35B-E9541F56D14F}.Debug|Any CPU.Build.0 = Debug|Any CPU
		{C9A415A0-F09F-4C76-A35B-E9541F56D14F}.Release|Any CPU.ActiveCfg = Release|Any CPU
		{C9A415A0-F09F-4C76-A35B-E9541F56D14F}.Release|Any CPU.Build.0 = Release|Any CPU
	EndGlobalSection
	GlobalSection(SolutionProperties) = preSolution
		HideSolutionNode = FALSE
	EndGlobalSection
	GlobalSection(ExtensibilityGlobals) = postSolution
		SolutionGuid = {0E3AD6CD-DCCD-4232-A525-E44E759A3A95}
	EndGlobalSection
EndGlobal
